{
  "version": 4,
  "terraform_version": "1.5.0",
  "serial": 39,
  "lineage": "93344f38-d0ea-5d9e-8ec6-4037978f95bd",
  "outputs": {
    "ec2_global_ips": {
      "value": [
        [
          "35.172.129.230"
        ]
      ],
      "type": [
        "tuple",
        [
          [
            "tuple",
            [
              "string"
            ]
          ]
        ]
      ]
    },
    "login": {
      "value": "tf_User_for_Oversecured",
      "type": "string"
    }
  },
  "resources": [
    {
      "mode": "managed",
      "type": "aws_iam_group",
      "name": "oversecured_group",
      "provider": "provider[\"registry.terraform.io/hashicorp/aws\"]",
      "instances": [
        {
          "schema_version": 0,
          "attributes": {
            "arn": "arn:aws:iam::148273267728:group/tf-Guests",
            "id": "tf-Guests",
            "name": "tf-Guests",
            "path": "/",
            "unique_id": "AGPASFBOGQQINSZF6FOG3"
          },
          "sensitive_attributes": [],
          "private": "bnVsbA=="
        }
      ]
    },
    {
      "mode": "managed",
      "type": "aws_iam_group_policy_attachment",
      "name": "custom_policy_attach",
      "provider": "provider[\"registry.terraform.io/hashicorp/aws\"]",
      "instances": [
        {
          "schema_version": 0,
          "attributes": {
            "group": "tf-Guests",
            "id": "tf-Guests-20230622133758205300000004",
            "policy_arn": "arn:aws:iam::148273267728:policy/tf_SG_Edit_permission"
          },
          "sensitive_attributes": [],
          "private": "bnVsbA==",
          "dependencies": [
            "aws_iam_group.oversecured_group",
            "aws_iam_policy.oversecured_policy"
          ]
        }
      ]
    },
    {
      "mode": "managed",
      "type": "aws_iam_group_policy_attachment",
      "name": "managet_policy_attach",
      "provider": "provider[\"registry.terraform.io/hashicorp/aws\"]",
      "instances": [
        {
          "schema_version": 0,
          "attributes": {
            "group": "tf-Guests",
            "id": "tf-Guests-20230622133758101200000002",
            "policy_arn": "arn:aws:iam::aws:policy/AmazonEC2ReadOnlyAccess"
          },
          "sensitive_attributes": [],
          "private": "bnVsbA==",
          "dependencies": [
            "aws_iam_group.oversecured_group"
          ]
        }
      ]
    },
    {
      "mode": "managed",
      "type": "aws_iam_policy",
      "name": "oversecured_policy",
      "provider": "provider[\"registry.terraform.io/hashicorp/aws\"]",
      "instances": [
        {
          "schema_version": 0,
          "attributes": {
            "arn": "arn:aws:iam::148273267728:policy/tf_SG_Edit_permission",
            "description": "Created with Terraform Provide ability to add sg to ec2",
            "id": "arn:aws:iam::148273267728:policy/tf_SG_Edit_permission",
            "name": "tf_SG_Edit_permission",
            "name_prefix": "",
            "path": "/",
            "policy": "{\"Statement\":[{\"Action\":[\"ec2:DescribeSecurityGroups\",\"ec2:DescribeSecurityGroupRules\",\"ec2:DescribeTags\"],\"Effect\":\"Allow\",\"Resource\":\"*\"},{\"Action\":[\"ec2:AuthorizeSecurityGroupIngress\",\"ec2:RevokeSecurityGroupIngress\",\"ec2:AuthorizeSecurityGroupEgress\",\"ec2:RevokeSecurityGroupEgress\",\"ec2:ModifySecurityGroupRules\",\"ec2:UpdateSecurityGroupRuleDescriptionsIngress\",\"ec2:UpdateSecurityGroupRuleDescriptionsEgress\"],\"Condition\":{\"StringEquals\":{\"aws:ResourceTag/Department\":\"Test\"}},\"Effect\":\"Allow\",\"Resource\":[\"arn:aws:ec2:us-east-1:148273267728:security-group/*\"]},{\"Action\":[\"ec2:ModifySecurityGroupRules\"],\"Effect\":\"Allow\",\"Resource\":[\"arn:aws:ec2:us-east-1:148273267728:security-group-rule/*\"]}],\"Version\":\"2012-10-17\"}",
            "policy_id": "ANPASFBOGQQIFA4XRDLMX",
            "tags": {},
            "tags_all": {}
          },
          "sensitive_attributes": [],
          "private": "bnVsbA=="
        }
      ]
    },
    {
      "mode": "managed",
      "type": "aws_iam_user",
      "name": "oversecured_user",
      "provider": "provider[\"registry.terraform.io/hashicorp/aws\"]",
      "instances": [
        {
          "schema_version": 0,
          "attributes": {
            "arn": "arn:aws:iam::148273267728:user/tf_User_for_Oversecured",
            "force_destroy": true,
            "id": "tf_User_for_Oversecured",
            "name": "tf_User_for_Oversecured",
            "path": "/",
            "permissions_boundary": null,
            "tags": {},
            "tags_all": {},
            "unique_id": "AIDASFBOGQQIDFJODNSTH"
          },
          "sensitive_attributes": [],
          "private": "bnVsbA=="
        }
      ]
    },
    {
      "mode": "managed",
      "type": "aws_iam_user_group_membership",
      "name": "add_user",
      "provider": "provider[\"registry.terraform.io/hashicorp/aws\"]",
      "instances": [
        {
          "schema_version": 0,
          "attributes": {
            "groups": [
              "tf-Guests"
            ],
            "id": "terraform-20230622133758167300000003",
            "user": "tf_User_for_Oversecured"
          },
          "sensitive_attributes": [],
          "private": "bnVsbA==",
          "dependencies": [
            "aws_iam_group.oversecured_group",
            "aws_iam_user.oversecured_user"
          ]
        }
      ]
    },
    {
      "mode": "managed",
      "type": "aws_iam_user_login_profile",
      "name": "oversecured_user",
      "provider": "provider[\"registry.terraform.io/hashicorp/aws\"]",
      "instances": [
        {
          "schema_version": 0,
          "attributes": {
            "encrypted_password": null,
            "id": "tf_User_for_Oversecured",
            "key_fingerprint": null,
            "password": "OS3l}GX7!#6LP'fEF\u0026C7",
            "password_length": 20,
            "password_reset_required": false,
            "pgp_key": null,
            "user": "tf_User_for_Oversecured"
          },
          "sensitive_attributes": [],
          "private": "bnVsbA==",
          "dependencies": [
            "aws_iam_user.oversecured_user"
          ]
        }
      ]
    },
    {
      "mode": "managed",
      "type": "aws_instance",
      "name": "oversecured_test_vm",
      "provider": "provider[\"registry.terraform.io/hashicorp/aws\"]",
      "instances": [
        {
          "schema_version": 1,
          "attributes": {
            "ami": "ami-053b0d53c279acc90",
            "arn": "arn:aws:ec2:us-east-1:148273267728:instance/i-0935e059943c7b5d0",
            "associate_public_ip_address": true,
            "availability_zone": "us-east-1b",
            "capacity_reservation_specification": [
              {
                "capacity_reservation_preference": "open",
                "capacity_reservation_target": []
              }
            ],
            "cpu_core_count": 1,
            "cpu_options": [
              {
                "amd_sev_snp": "",
                "core_count": 1,
                "threads_per_core": 1
              }
            ],
            "cpu_threads_per_core": 1,
            "credit_specification": [
              {
                "cpu_credits": "standard"
              }
            ],
            "disable_api_stop": false,
            "disable_api_termination": false,
            "ebs_block_device": [],
            "ebs_optimized": false,
            "enclave_options": [
              {
                "enabled": false
              }
            ],
            "ephemeral_block_device": [],
            "get_password_data": false,
            "hibernation": false,
            "host_id": "",
            "host_resource_group_arn": null,
            "iam_instance_profile": "",
            "id": "i-0935e059943c7b5d0",
            "instance_initiated_shutdown_behavior": "stop",
            "instance_lifecycle": "",
            "instance_market_options": [],
            "instance_state": "running",
            "instance_type": "t2.micro",
            "ipv6_address_count": 0,
            "ipv6_addresses": [],
            "key_name": "aws-key",
            "launch_template": [],
            "maintenance_options": [
              {
                "auto_recovery": "default"
              }
            ],
            "metadata_options": [
              {
                "http_endpoint": "enabled",
                "http_put_response_hop_limit": 1,
                "http_tokens": "optional",
                "instance_metadata_tags": "disabled"
              }
            ],
            "monitoring": false,
            "network_interface": [],
            "outpost_arn": "",
            "password_data": "",
            "placement_group": "",
            "placement_partition_number": 0,
            "primary_network_interface_id": "eni-0e673b01f8a04ebd2",
            "private_dns": "ip-172-16-10-195.ec2.internal",
            "private_dns_name_options": [
              {
                "enable_resource_name_dns_a_record": false,
                "enable_resource_name_dns_aaaa_record": false,
                "hostname_type": "ip-name"
              }
            ],
            "private_ip": "172.16.10.195",
            "public_dns": "ec2-35-172-129-230.compute-1.amazonaws.com",
            "public_ip": "35.172.129.230",
            "root_block_device": [
              {
                "delete_on_termination": true,
                "device_name": "/dev/sda1",
                "encrypted": false,
                "iops": 100,
                "kms_key_id": "",
                "tags": {},
                "throughput": 0,
                "volume_id": "vol-000a67f91d19ff834",
                "volume_size": 8,
                "volume_type": "gp2"
              }
            ],
            "secondary_private_ips": [],
            "security_groups": [],
            "source_dest_check": true,
            "spot_instance_request_id": "",
            "subnet_id": "subnet-0f95a9c0ad389cbbe",
            "tags": {
              "Name": "tf-oversecured-test-vm"
            },
            "tags_all": {
              "Name": "tf-oversecured-test-vm"
            },
            "tenancy": "default",
            "timeouts": null,
            "user_data": "d3717b471833a5360ac2e9dc80829da806294806",
            "user_data_base64": null,
            "user_data_replace_on_change": false,
            "volume_tags": null,
            "vpc_security_group_ids": [
              "sg-0caa0c14be6c84a4b"
            ]
          },
          "sensitive_attributes": [],
          "private": "eyJlMmJmYjczMC1lY2FhLTExZTYtOGY4OC0zNDM2M2JjN2M0YzAiOnsiY3JlYXRlIjo2MDAwMDAwMDAwMDAsImRlbGV0ZSI6MTIwMDAwMDAwMDAwMCwidXBkYXRlIjo2MDAwMDAwMDAwMDB9LCJzY2hlbWFfdmVyc2lvbiI6IjEifQ==",
          "dependencies": [
            "aws_key_pair.aws-key",
            "aws_security_group.oversecured_security_group",
            "aws_subnet.oversecured_subnet",
            "aws_vpc.oversecured_vpc"
          ]
        }
      ]
    },
    {
      "mode": "managed",
      "type": "aws_internet_gateway",
      "name": "oversecured_gw",
      "provider": "provider[\"registry.terraform.io/hashicorp/aws\"]",
      "instances": [
        {
          "schema_version": 0,
          "attributes": {
            "arn": "arn:aws:ec2:us-east-1:148273267728:internet-gateway/igw-032e5417e29575649",
            "id": "igw-032e5417e29575649",
            "owner_id": "148273267728",
            "tags": {
              "Name": "tf-oversecured-gw"
            },
            "tags_all": {
              "Name": "tf-oversecured-gw"
            },
            "timeouts": null,
            "vpc_id": "vpc-083588c83741c4304"
          },
          "sensitive_attributes": [],
          "private": "eyJlMmJmYjczMC1lY2FhLTExZTYtOGY4OC0zNDM2M2JjN2M0YzAiOnsiY3JlYXRlIjoxMjAwMDAwMDAwMDAwLCJkZWxldGUiOjEyMDAwMDAwMDAwMDAsInVwZGF0ZSI6MTIwMDAwMDAwMDAwMH19",
          "dependencies": [
            "aws_vpc.oversecured_vpc"
          ]
        }
      ]
    },
    {
      "mode": "managed",
      "type": "aws_key_pair",
      "name": "aws-key",
      "provider": "provider[\"registry.terraform.io/hashicorp/aws\"]",
      "instances": [
        {
          "schema_version": 1,
          "attributes": {
            "arn": "arn:aws:ec2:us-east-1:148273267728:key-pair/aws-key",
            "fingerprint": "02:d2:8c:4a:bd:2c:0c:e8:33:f5:28:4d:cd:1a:9c:53",
            "id": "aws-key",
            "key_name": "aws-key",
            "key_name_prefix": "",
            "key_pair_id": "key-09cdd4102969226cb",
            "key_type": "rsa",
            "public_key": "ssh-rsa AAAAB3NzaC1yc2EAAAADAQABAAACAQCnNldcG1CRS++3oHkAycn003lKgcco6WuNQ+fyfy8ZnSJllTCuKO+zTlLZmX7JFEWPzDUlsgk7lDf38sTkphRTGHv5EY2AYO7uU9n+MTcUAq7Bq8139HRaUiN3d8LphQ9P28BtOwR7gW9MOo94ztUmDP9g7GNOY92VbLMaNK722Y4//ezKXu0PkBJq1Qd+63lQ2yo9B3s2uDbQ8LhMGtrOrNVWSVhKgqgQIaT0B4Qs5aW0kvGxsvjZTtXFJEfAptDR5K8LJfNphJ/UR8LV9NneOSk0diMdUWOjeF1G5UiXzfaS9+XZghoO8ImSfNRoHUls4Byo46RhQ8RW7iuwKaJGTLe/Pc+n0w9rM1fru7tdNjZ/eV3rJwN0ntBiri+wyHktXGQf22itBFErFDhNbwO/7lh3S4opmNknPSQSKVmjk4KYadDRzdGbXj96mjKJyQTnJ6eLbo1/NnkIRVjfkwTmOFfpSH5iTuC+D2C3OfrYwTS/XJtjgeVz4jF8Y32nV5Seo75EqG+wu/tRChc7+r5FOCdJW9fyrwsOOENSCEBOWG8gSqaOq2QtE5XIYCjroGBwKn+JxEO8RarFQo3QawDueTihtWdbP/ItqWcqwvylkKsAQXYSvk46K51Oe4/PcSvXJelmJyfyK37m/G6CE8wS7d/uyyOzCw8OL7kZYxzCDw== sergiilevchenko88@gmail.com",
            "tags": {},
            "tags_all": {}
          },
          "sensitive_attributes": [],
          "private": "eyJzY2hlbWFfdmVyc2lvbiI6IjEifQ=="
        }
      ]
    },
    {
      "mode": "managed",
      "type": "aws_route53_record",
      "name": "a_record",
      "provider": "provider[\"registry.terraform.io/hashicorp/aws\"]",
      "instances": [
        {
          "schema_version": 2,
          "attributes": {
            "alias": [],
            "allow_overwrite": null,
            "cidr_routing_policy": [],
            "failover_routing_policy": [],
            "fqdn": "tf-oversecured.pp.ua",
            "geolocation_routing_policy": [],
            "health_check_id": "",
            "id": "Z07824302SOTAQP45N5CX_tf-oversecured.pp.ua_A",
            "latency_routing_policy": [],
            "multivalue_answer_routing_policy": false,
            "name": "tf-oversecured.pp.ua",
            "records": [
              "35.172.129.230"
            ],
            "set_identifier": "",
            "ttl": 300,
            "type": "A",
            "weighted_routing_policy": [],
            "zone_id": "Z07824302SOTAQP45N5CX"
          },
          "sensitive_attributes": [],
          "private": "eyJzY2hlbWFfdmVyc2lvbiI6IjIifQ==",
          "dependencies": [
            "aws_instance.oversecured_test_vm",
            "aws_key_pair.aws-key",
            "aws_route53_zone.hosted_zone",
            "aws_security_group.oversecured_security_group",
            "aws_subnet.oversecured_subnet",
            "aws_vpc.oversecured_vpc"
          ]
        }
      ]
    },
    {
      "mode": "managed",
      "type": "aws_route53_zone",
      "name": "hosted_zone",
      "provider": "provider[\"registry.terraform.io/hashicorp/aws\"]",
      "instances": [
        {
          "schema_version": 0,
          "attributes": {
            "arn": "arn:aws:route53:::hostedzone/Z07824302SOTAQP45N5CX",
            "comment": "Managed by Terraform",
            "delegation_set_id": "",
            "force_destroy": false,
            "id": "Z07824302SOTAQP45N5CX",
            "name": "tf-oversecured.pp.ua",
            "name_servers": [
              "ns-1135.awsdns-13.org",
              "ns-1739.awsdns-25.co.uk",
              "ns-460.awsdns-57.com",
              "ns-699.awsdns-23.net"
            ],
            "primary_name_server": "ns-1135.awsdns-13.org",
            "tags": {},
            "tags_all": {},
            "vpc": [],
            "zone_id": "Z07824302SOTAQP45N5CX"
          },
          "sensitive_attributes": [],
          "private": "bnVsbA=="
        }
      ]
    },
    {
      "mode": "managed",
      "type": "aws_route_table",
      "name": "oversecured_public_rtb",
      "provider": "provider[\"registry.terraform.io/hashicorp/aws\"]",
      "instances": [
        {
          "schema_version": 0,
          "attributes": {
            "arn": "arn:aws:ec2:us-east-1:148273267728:route-table/rtb-04ca9b88ec15dc9bf",
            "id": "rtb-04ca9b88ec15dc9bf",
            "owner_id": "148273267728",
            "propagating_vgws": [],
            "route": [
              {
                "carrier_gateway_id": "",
                "cidr_block": "0.0.0.0/0",
                "core_network_arn": "",
                "destination_prefix_list_id": "",
                "egress_only_gateway_id": "",
                "gateway_id": "igw-032e5417e29575649",
                "ipv6_cidr_block": "",
                "local_gateway_id": "",
                "nat_gateway_id": "",
                "network_interface_id": "",
                "transit_gateway_id": "",
                "vpc_endpoint_id": "",
                "vpc_peering_connection_id": ""
              }
            ],
            "tags": {
              "Name": "tf-oversecured-public-rtb"
            },
            "tags_all": {
              "Name": "tf-oversecured-public-rtb"
            },
            "timeouts": null,
            "vpc_id": "vpc-083588c83741c4304"
          },
          "sensitive_attributes": [],
          "private": "eyJlMmJmYjczMC1lY2FhLTExZTYtOGY4OC0zNDM2M2JjN2M0YzAiOnsiY3JlYXRlIjozMDAwMDAwMDAwMDAsImRlbGV0ZSI6MzAwMDAwMDAwMDAwLCJ1cGRhdGUiOjEyMDAwMDAwMDAwMH19",
          "dependencies": [
            "aws_internet_gateway.oversecured_gw",
            "aws_vpc.oversecured_vpc"
          ]
        }
      ]
    },
    {
      "mode": "managed",
      "type": "aws_route_table_association",
      "name": "oversecured_crta_public_subnet",
      "provider": "provider[\"registry.terraform.io/hashicorp/aws\"]",
      "instances": [
        {
          "schema_version": 0,
          "attributes": {
            "gateway_id": "",
            "id": "rtbassoc-0d7b002b38137f088",
            "route_table_id": "rtb-04ca9b88ec15dc9bf",
            "subnet_id": "subnet-0f95a9c0ad389cbbe",
            "timeouts": null
          },
          "sensitive_attributes": [],
          "private": "eyJlMmJmYjczMC1lY2FhLTExZTYtOGY4OC0zNDM2M2JjN2M0YzAiOnsiY3JlYXRlIjozMDAwMDAwMDAwMDAsImRlbGV0ZSI6MzAwMDAwMDAwMDAwLCJ1cGRhdGUiOjEyMDAwMDAwMDAwMH19",
          "dependencies": [
            "aws_internet_gateway.oversecured_gw",
            "aws_route_table.oversecured_public_rtb",
            "aws_subnet.oversecured_subnet",
            "aws_vpc.oversecured_vpc"
          ]
        }
      ]
    },
    {
      "mode": "managed",
      "type": "aws_security_group",
      "name": "oversecured_security_group",
      "provider": "provider[\"registry.terraform.io/hashicorp/aws\"]",
      "instances": [
        {
          "schema_version": 1,
          "attributes": {
            "arn": "arn:aws:ec2:us-east-1:148273267728:security-group/sg-0caa0c14be6c84a4b",
            "description": "Managed by Terraform",
            "egress": [
              {
                "cidr_blocks": [
                  "0.0.0.0/0"
                ],
                "description": "",
                "from_port": 0,
                "ipv6_cidr_blocks": [],
                "prefix_list_ids": [],
                "protocol": "-1",
                "security_groups": [],
                "self": false,
                "to_port": 0
              }
            ],
            "id": "sg-0caa0c14be6c84a4b",
            "ingress": [
              {
                "cidr_blocks": [
                  "0.0.0.0/0"
                ],
                "description": "",
                "from_port": 22,
                "ipv6_cidr_blocks": [],
                "prefix_list_ids": [],
                "protocol": "tcp",
                "security_groups": [],
                "self": false,
                "to_port": 22
              },
              {
                "cidr_blocks": [
                  "0.0.0.0/0"
                ],
                "description": "",
                "from_port": 443,
                "ipv6_cidr_blocks": [],
                "prefix_list_ids": [],
                "protocol": "tcp",
                "security_groups": [],
                "self": false,
                "to_port": 443
              },
              {
                "cidr_blocks": [
                  "0.0.0.0/0"
                ],
                "description": "",
                "from_port": 80,
                "ipv6_cidr_blocks": [],
                "prefix_list_ids": [],
                "protocol": "tcp",
                "security_groups": [],
                "self": false,
                "to_port": 80
              }
            ],
            "name": "terraform-20230622133759461400000005",
            "name_prefix": "terraform-",
            "owner_id": "148273267728",
            "revoke_rules_on_delete": false,
            "tags": {
              "Name": "tf-oversecured_security_group"
            },
            "tags_all": {
              "Name": "tf-oversecured_security_group"
            },
            "timeouts": null,
            "vpc_id": "vpc-083588c83741c4304"
          },
          "sensitive_attributes": [],
          "private": "eyJlMmJmYjczMC1lY2FhLTExZTYtOGY4OC0zNDM2M2JjN2M0YzAiOnsiY3JlYXRlIjo2MDAwMDAwMDAwMDAsImRlbGV0ZSI6OTAwMDAwMDAwMDAwfSwic2NoZW1hX3ZlcnNpb24iOiIxIn0=",
          "dependencies": [
            "aws_vpc.oversecured_vpc"
          ]
        }
      ]
    },
    {
      "mode": "managed",
      "type": "aws_subnet",
      "name": "oversecured_subnet",
      "provider": "provider[\"registry.terraform.io/hashicorp/aws\"]",
      "instances": [
        {
          "schema_version": 1,
          "attributes": {
            "arn": "arn:aws:ec2:us-east-1:148273267728:subnet/subnet-0f95a9c0ad389cbbe",
            "assign_ipv6_address_on_creation": false,
            "availability_zone": "us-east-1b",
            "availability_zone_id": "use1-az2",
            "cidr_block": "172.16.10.0/24",
            "customer_owned_ipv4_pool": "",
            "enable_dns64": false,
            "enable_lni_at_device_index": 0,
            "enable_resource_name_dns_a_record_on_launch": false,
            "enable_resource_name_dns_aaaa_record_on_launch": false,
            "id": "subnet-0f95a9c0ad389cbbe",
            "ipv6_cidr_block": "",
            "ipv6_cidr_block_association_id": "",
            "ipv6_native": false,
            "map_customer_owned_ip_on_launch": false,
            "map_public_ip_on_launch": true,
            "outpost_arn": "",
            "owner_id": "148273267728",
            "private_dns_hostname_type_on_launch": "ip-name",
            "tags": {
              "Name": "tf-oversecured-subnet"
            },
            "tags_all": {
              "Name": "tf-oversecured-subnet"
            },
            "timeouts": null,
            "vpc_id": "vpc-083588c83741c4304"
          },
          "sensitive_attributes": [],
          "private": "eyJlMmJmYjczMC1lY2FhLTExZTYtOGY4OC0zNDM2M2JjN2M0YzAiOnsiY3JlYXRlIjo2MDAwMDAwMDAwMDAsImRlbGV0ZSI6MTIwMDAwMDAwMDAwMH0sInNjaGVtYV92ZXJzaW9uIjoiMSJ9",
          "dependencies": [
            "aws_vpc.oversecured_vpc"
          ]
        }
      ]
    },
    {
      "mode": "managed",
      "type": "aws_vpc",
      "name": "oversecured_vpc",
      "provider": "provider[\"registry.terraform.io/hashicorp/aws\"]",
      "instances": [
        {
          "schema_version": 1,
          "attributes": {
            "arn": "arn:aws:ec2:us-east-1:148273267728:vpc/vpc-083588c83741c4304",
            "assign_generated_ipv6_cidr_block": false,
            "cidr_block": "172.16.0.0/16",
            "default_network_acl_id": "acl-0140127c0a72091e0",
            "default_route_table_id": "rtb-087a5cffde119843b",
            "default_security_group_id": "sg-0cd1ade0a62f04556",
            "dhcp_options_id": "dopt-022f127c5aa8065fa",
            "enable_dns_hostnames": true,
            "enable_dns_support": true,
            "enable_network_address_usage_metrics": false,
            "id": "vpc-083588c83741c4304",
            "instance_tenancy": "default",
            "ipv4_ipam_pool_id": null,
            "ipv4_netmask_length": null,
            "ipv6_association_id": "",
            "ipv6_cidr_block": "",
            "ipv6_cidr_block_network_border_group": "",
            "ipv6_ipam_pool_id": "",
            "ipv6_netmask_length": 0,
            "main_route_table_id": "rtb-087a5cffde119843b",
            "owner_id": "148273267728",
            "tags": {
              "Name": "tf-oversecured-vpc"
            },
            "tags_all": {
              "Name": "tf-oversecured-vpc"
            }
          },
          "sensitive_attributes": [],
          "private": "eyJzY2hlbWFfdmVyc2lvbiI6IjEifQ=="
        }
      ]
    }
  ],
  "check_results": null
}
